
Microsoft Visual Studio Solution File, Format Version 12.00
# Visual Studio 15
Project("{FAE04EC0-301F-11D3-BF4B-00C04F79EFBC}") = "Assembly-CSharp", "Assembly-CSharp.csproj", "{B955E87F-44CA-641B-6A01-C8CA18B51582}"
EndProject
Project("{FAE04EC0-301F-11D3-BF4B-00C04F79EFBC}") = "Assembly-CSharp-Editor", "Assembly-CSharp-Editor.csproj", "{562D76A6-540A-528C-0621-588FFC093128}"
EndProject
Global
	GlobalSection(SolutionConfigurationPlatforms) = preSolution
		Debug|Any CPU = Debug|Any CPU
		Release|Any CPU = Release|Any CPU
	EndGlobalSection
	GlobalSection(ProjectConfigurationPlatforms) = postSolution
		{B955E87F-44CA-641B-6A01-C8CA18B51582}.Debug|Any CPU.ActiveCfg = Debug|Any CPU
		{B955E87F-44CA-641B-6A01-C8CA18B51582}.Debug|Any CPU.Build.0 = Debug|Any CPU
		{B955E87F-44CA-641B-6A01-C8CA18B51582}.Release|Any CPU.ActiveCfg = Release|Any CPU
		{B955E87F-44CA-641B-6A01-C8CA18B51582}.Release|Any CPU.Build.0 = Release|Any CPU
		{562D76A6-540A-528C-0621-588FFC093128}.Debug|Any CPU.ActiveCfg = Debug|Any CPU
		{562D76A6-540A-528C-0621-588FFC093128}.Debug|Any CPU.Build.0 = Debug|Any CPU
		{562D76A6-540A-528C-0621-588FFC093128}.Release|Any CPU.ActiveCfg = Release|Any CPU
		{562D76A6-540A-528C-0621-588FFC093128}.Release|Any CPU.Build.0 = Release|Any CPU
	EndGlobalSection
	GlobalSection(SolutionProperties) = preSolution
		HideSolutionNode = FALSE
	EndGlobalSection
EndGlobal
